# @generated by Move, please check-in and do not edit manually.

[move]
version = 2
manifest_digest = "F9E330BABC728DD972814189C19D8702FB4B1C1B95E75497141B9DF6C4BE9B0F"
deps_digest = "F8BBB0CCB2491CA29A3DF03D6F92277A4F3574266507ACD77214D37ECA3F3082"
dependencies = [
  { name = "Iota" },
]

[[move.package]]
name = "Iota"
source = { git = "https://github.com/iotaledger/iota.git", rev = "testnet", subdir = "crates/iota-framework/packages/iota-framework" }

dependencies = [
  { name = "MoveStdlib" },
]

[[move.package]]
name = "MoveStdlib"
source = { git = "https://github.com/iotaledger/iota.git", rev = "testnet", subdir = "crates/iota-framework/packages/move-stdlib" }

[move.toolchain-version]
compiler-version = "0.7.3-rc"
edition = "2024.beta"
flavor = "iota"

[env]

[env.testnet]
chain-id = "2304aa97"
original-published-id = "0x749f80337dc7fede5ea1d0d9011a0619ed5eedec3edb5a0413d28db886abb86e"
latest-published-id = "0x749f80337dc7fede5ea1d0d9011a0619ed5eedec3edb5a0413d28db886abb86e"
published-version = "1"
